
Microsoft Visual Studio Solution File, Format Version 12.00
Project("{FAE04EC0-301F-11D3-BF4B-00C04F79EFBC}") = "ZBC2026", "ZBC2026\ZBC2026.csproj", "{7DAB61EF-E10A-4879-BC98-69AD6065B749}"
EndProject
Global
	GlobalSection(SolutionConfigurationPlatforms) = preSolution
		Debug|Any CPU = Debug|Any CPU
		Release|Any CPU = Release|Any CPU
	EndGlobalSection
	GlobalSection(ProjectConfigurationPlatforms) = postSolution
		{7DAB61EF-E10A-4879-BC98-69AD6065B749}.Debug|Any CPU.ActiveCfg = Debug|Any CPU
		{7DAB61EF-E10A-4879-BC98-69AD6065B749}.Debug|Any CPU.Build.0 = Debug|Any CPU
		{7DAB61EF-E10A-4879-BC98-69AD6065B749}.Release|Any CPU.ActiveCfg = Release|Any CPU
		{7DAB61EF-E10A-4879-BC98-69AD6065B749}.Release|Any CPU.Build.0 = Release|Any CPU
	EndGlobalSection
EndGlobal
